
Microsoft Visual Studio Solution File, Format Version 12.00
# Visual Studio Version 17
VisualStudioVersion = 17.1.32407.343
MinimumVisualStudioVersion = 10.0.40219.1
Project("{FAE04EC0-301F-11D3-BF4B-00C04F79EFBC}") = "API_Minima", "API_Minima\API_Minima.csproj", "{02AB8EC9-F7E4-4D11-9410-75A11E3E36A5}"
EndProject
Global
	GlobalSection(SolutionConfigurationPlatforms) = preSolution
		Debug|Any CPU = Debug|Any CPU
		Release|Any CPU = Release|Any CPU
	EndGlobalSection
	GlobalSection(ProjectConfigurationPlatforms) = postSolution
		{02AB8EC9-F7E4-4D11-9410-75A11E3E36A5}.Debug|Any CPU.ActiveCfg = Debug|Any CPU
		{02AB8EC9-F7E4-4D11-9410-75A11E3E36A5}.Debug|Any CPU.Build.0 = Debug|Any CPU
		{02AB8EC9-F7E4-4D11-9410-75A11E3E36A5}.Release|Any CPU.ActiveCfg = Release|Any CPU
		{02AB8EC9-F7E4-4D11-9410-75A11E3E36A5}.Release|Any CPU.Build.0 = Release|Any CPU
	EndGlobalSection
	GlobalSection(SolutionProperties) = preSolution
		HideSolutionNode = FALSE
	EndGlobalSection
	GlobalSection(ExtensibilityGlobals) = postSolution
		SolutionGuid = {2AD9E4AB-C500-427D-85C4-705903DDCBC6}
	EndGlobalSection
EndGlobal
